
Microsoft Visual Studio Solution File, Format Version 12.00
# Visual Studio Version 17
VisualStudioVersion = 17.5.33502.453
MinimumVisualStudioVersion = 10.0.40219.1
Project("{8BC9CEB8-8B4A-11D0-8D11-00A0C91BC942}") = "ParadigmaOOP2_048", "ParadigmaOOP2_048\ParadigmaOOP2_048.vcxproj", "{684B0ECA-C13A-4CC7-BB3C-8DA900D3A6F5}"
EndProject
Project("{8BC9CEB8-8B4A-11D0-8D11-00A0C91BC942}") = "solveMultiwaris", "solveMultiwaris\solveMultiwaris.vcxproj", "{0F0331C9-0F6C-402C-A520-101877DFD6FF}"
EndProject
Project("{8BC9CEB8-8B4A-11D0-8D11-00A0C91BC942}") = "Polymorphism", "Polymorphism\Polymorphism.vcxproj", "{2DE13690-3707-473B-9B1B-66E6DBC3E532}"
EndProject
Project("{8BC9CEB8-8B4A-11D0-8D11-00A0C91BC942}") = "Program noOverriding", "Program noOverriding\Program noOverriding.vcxproj", "{A446C726-8A47-4FF0-90C7-8D112EA393D4}"
EndProject
Project("{8BC9CEB8-8B4A-11D0-8D11-00A0C91BC942}") = "Program noPewarisan", "Program noPewarisan\Program noPewarisan.vcxproj", "{13940AD0-9767-4475-A258-FFA43EE745DD}"
EndProject
Global
	GlobalSection(SolutionConfigurationPlatforms) = preSolution
		Debug|x64 = Debug|x64
		Debug|x86 = Debug|x86
		Release|x64 = Release|x64
		Release|x86 = Release|x86
	EndGlobalSection
	GlobalSection(ProjectConfigurationPlatforms) = postSolution
		{684B0ECA-C13A-4CC7-BB3C-8DA900D3A6F5}.Debug|x64.ActiveCfg = Debug|x64
		{684B0ECA-C13A-4CC7-BB3C-8DA900D3A6F5}.Debug|x64.Build.0 = Debug|x64
		{684B0ECA-C13A-4CC7-BB3C-8DA900D3A6F5}.Debug|x86.ActiveCfg = Debug|Win32
		{684B0ECA-C13A-4CC7-BB3C-8DA900D3A6F5}.Debug|x86.Build.0 = Debug|Win32
		{684B0ECA-C13A-4CC7-BB3C-8DA900D3A6F5}.Release|x64.ActiveCfg = Release|x64
		{684B0ECA-C13A-4CC7-BB3C-8DA900D3A6F5}.Release|x64.Build.0 = Release|x64
		{684B0ECA-C13A-4CC7-BB3C-8DA900D3A6F5}.Release|x86.ActiveCfg = Release|Win32
		{684B0ECA-C13A-4CC7-BB3C-8DA900D3A6F5}.Release|x86.Build.0 = Release|Win32
		{0F0331C9-0F6C-402C-A520-101877DFD6FF}.Debug|x64.ActiveCfg = Debug|x64
		{0F0331C9-0F6C-402C-A520-101877DFD6FF}.Debug|x64.Build.0 = Debug|x64
		{0F0331C9-0F6C-402C-A520-101877DFD6FF}.Debug|x86.ActiveCfg = Debug|Win32
		{0F0331C9-0F6C-402C-A520-101877DFD6FF}.Debug|x86.Build.0 = Debug|Win32
		{0F0331C9-0F6C-402C-A520-101877DFD6FF}.Release|x64.ActiveCfg = Release|x64
		{0F0331C9-0F6C-402C-A520-101877DFD6FF}.Release|x64.Build.0 = Release|x64
		{0F0331C9-0F6C-402C-A520-101877DFD6FF}.Release|x86.ActiveCfg = Release|Win32
		{0F0331C9-0F6C-402C-A520-101877DFD6FF}.Release|x86.Build.0 = Release|Win32
		{2DE13690-3707-473B-9B1B-66E6DBC3E532}.Debug|x64.ActiveCfg = Debug|x64
		{2DE13690-3707-473B-9B1B-66E6DBC3E532}.Debug|x64.Build.0 = Debug|x64
		{2DE13690-3707-473B-9B1B-66E6DBC3E532}.Debug|x86.ActiveCfg = Debug|Win32
		{2DE13690-3707-473B-9B1B-66E6DBC3E532}.Debug|x86.Build.0 = Debug|Win32
		{2DE13690-3707-473B-9B1B-66E6DBC3E532}.Release|x64.ActiveCfg = Release|x64
		{2DE13690-3707-473B-9B1B-66E6DBC3E532}.Release|x64.Build.0 = Release|x64
		{2DE13690-3707-473B-9B1B-66E6DBC3E532}.Release|x86.ActiveCfg = Release|Win32
		{2DE13690-3707-473B-9B1B-66E6DBC3E532}.Release|x86.Build.0 = Release|Win32
		{A446C726-8A47-4FF0-90C7-8D112EA393D4}.Debug|x64.ActiveCfg = Debug|x64
		{A446C726-8A47-4FF0-90C7-8D112EA393D4}.Debug|x64.Build.0 = Debug|x64
		{A446C726-8A47-4FF0-90C7-8D112EA393D4}.Debug|x86.ActiveCfg = Debug|Win32
		{A446C726-8A47-4FF0-90C7-8D112EA393D4}.Debug|x86.Build.0 = Debug|Win32
		{A446C726-8A47-4FF0-90C7-8D112EA393D4}.Release|x64.ActiveCfg = Release|x64
		{A446C726-8A47-4FF0-90C7-8D112EA393D4}.Release|x64.Build.0 = Release|x64
		{A446C726-8A47-4FF0-90C7-8D112EA393D4}.Release|x86.ActiveCfg = Release|Win32
		{A446C726-8A47-4FF0-90C7-8D112EA393D4}.Release|x86.Build.0 = Release|Win32
		{13940AD0-9767-4475-A258-FFA43EE745DD}.Debug|x64.ActiveCfg = Debug|x64
		{13940AD0-9767-4475-A258-FFA43EE745DD}.Debug|x64.Build.0 = Debug|x64
		{13940AD0-9767-4475-A258-FFA43EE745DD}.Debug|x86.ActiveCfg = Debug|Win32
		{13940AD0-9767-4475-A258-FFA43EE745DD}.Debug|x86.Build.0 = Debug|Win32
		{13940AD0-9767-4475-A258-FFA43EE745DD}.Release|x64.ActiveCfg = Release|x64
		{13940AD0-9767-4475-A258-FFA43EE745DD}.Release|x64.Build.0 = Release|x64
		{13940AD0-9767-4475-A258-FFA43EE745DD}.Release|x86.ActiveCfg = Release|Win32
		{13940AD0-9767-4475-A258-FFA43EE745DD}.Release|x86.Build.0 = Release|Win32
	EndGlobalSection
	GlobalSection(SolutionProperties) = preSolution
		HideSolutionNode = FALSE
	EndGlobalSection
	GlobalSection(ExtensibilityGlobals) = postSolution
		SolutionGuid = {4847C9CA-291A-4A7D-AB37-5DD26C3B91C3}
	EndGlobalSection
EndGlobal
